
Microsoft Visual Studio Solution File, Format Version 12.00
# Visual Studio Version 17
VisualStudioVersion = 17.1.32210.238
MinimumVisualStudioVersion = 10.0.40219.1
Project("{FAE04EC0-301F-11D3-BF4B-00C04F79EFBC}") = "Producer", "Producer\Producer.csproj", "{341F8CD9-4ED3-4A31-B601-C56C097164C9}"
EndProject
Project("{FAE04EC0-301F-11D3-BF4B-00C04F79EFBC}") = "Consumer2", "Consumer2\Consumer2.csproj", "{EF882224-D905-45B3-BEF9-AE135605091C}"
EndProject
Global
	GlobalSection(SolutionConfigurationPlatforms) = preSolution
		Debug|Any CPU = Debug|Any CPU
		Release|Any CPU = Release|Any CPU
	EndGlobalSection
	GlobalSection(ProjectConfigurationPlatforms) = postSolution
		{341F8CD9-4ED3-4A31-B601-C56C097164C9}.Debug|Any CPU.ActiveCfg = Debug|Any CPU
		{341F8CD9-4ED3-4A31-B601-C56C097164C9}.Debug|Any CPU.Build.0 = Debug|Any CPU
		{341F8CD9-4ED3-4A31-B601-C56C097164C9}.Release|Any CPU.ActiveCfg = Release|Any CPU
		{341F8CD9-4ED3-4A31-B601-C56C097164C9}.Release|Any CPU.Build.0 = Release|Any CPU
		{EF882224-D905-45B3-BEF9-AE135605091C}.Debug|Any CPU.ActiveCfg = Debug|Any CPU
		{EF882224-D905-45B3-BEF9-AE135605091C}.Debug|Any CPU.Build.0 = Debug|Any CPU
		{EF882224-D905-45B3-BEF9-AE135605091C}.Release|Any CPU.ActiveCfg = Release|Any CPU
		{EF882224-D905-45B3-BEF9-AE135605091C}.Release|Any CPU.Build.0 = Release|Any CPU
	EndGlobalSection
	GlobalSection(SolutionProperties) = preSolution
		HideSolutionNode = FALSE
	EndGlobalSection
	GlobalSection(ExtensibilityGlobals) = postSolution
		SolutionGuid = {E3852EEC-7DA9-4614-9284-4503077B579C}
	EndGlobalSection
EndGlobal
